{
  "nodes": {
    "darwin": {
      "inputs": {
        "nixpkgs": [
          "nixpkgs"
        ]
      },
      "locked": {
        "lastModified": 1724994893,
        "narHash": "sha256-yutISDGg6HUaZqCaa54EcsfTwew3vhNtt/FNXBBo44g=",
        "owner": "lnl7",
        "repo": "nix-darwin",
        "rev": "c8d3157d1f768e382de5526bb38e74d2245cad04",
        "type": "github"
      },
      "original": {
        "owner": "lnl7",
        "repo": "nix-darwin",
        "type": "github"
      }
    },
    "flake-compat": {
      "flake": false,
      "locked": {
        "lastModified": 1696426674,
        "narHash": "sha256-kvjfFW7WAETZlt09AgDn1MrtKzP7t90Vf7vypd3OL1U=",
        "owner": "edolstra",
        "repo": "flake-compat",
        "rev": "0f9255e01c2351cc7d116c072cb317785dd33b33",
        "type": "github"
      },
      "original": {
        "owner": "edolstra",
        "repo": "flake-compat",
        "type": "github"
      }
    },
    "home-manager": {
      "inputs": {
        "nixpkgs": [
          "nixpkgs"
        ]
      },
      "locked": {
        "lastModified": 1724435763,
        "narHash": "sha256-UNky3lJNGQtUEXT2OY8gMxejakSWPTfWKvpFkpFlAfM=",
        "owner": "nix-community",
        "repo": "home-manager",
        "rev": "c2cd2a52e02f1dfa1c88f95abeb89298d46023be",
        "type": "github"
      },
      "original": {
        "owner": "nix-community",
        "repo": "home-manager",
        "type": "github"
      }
    },
    "mnw": {
      "locked": {
        "lastModified": 1724456641,
        "narHash": "sha256-SMgnviF6ofBPbyV3+rljPGcX0Hn9HBOhgXE10Cyjaic=",
        "owner": "gerg-l",
        "repo": "mnw",
        "rev": "c261925dbbf02f523af0e8add844df64fddf0359",
        "type": "github"
      },
      "original": {
        "owner": "gerg-l",
        "repo": "mnw",
        "type": "github"
      }
    },
    "nixpkgs": {
      "locked": {
        "lastModified": 1724932487,
        "narHash": "sha256-zzbqHmY1mt21omyk1+14QbAkII1B7OHlwKLcczVq22w=",
        "owner": "nixos",
        "repo": "nixpkgs",
        "rev": "b4f7fb71438d00539b21f1b1e6968c0eac060127",
        "type": "github"
      },
      "original": {
        "owner": "nixos",
        "ref": "nixpkgs-unstable",
        "repo": "nixpkgs",
        "type": "github"
      }
    },
    "please-fix-swift-nixpkgs": {
      "locked": {
        "lastModified": 1719317636,
        "narHash": "sha256-bu0xbu2Z6DDzA9LGV81yJunIti6r7tjUImeR8orAL/I=",
        "owner": "nixos",
        "repo": "nixpkgs",
        "rev": "9c513fc6fb75142f6aec6b7545cb8af2236b80f5",
        "type": "github"
      },
      "original": {
        "owner": "nixos",
        "repo": "nixpkgs",
        "rev": "9c513fc6fb75142f6aec6b7545cb8af2236b80f5",
        "type": "github"
      }
    },
    "root": {
      "inputs": {
        "darwin": "darwin",
        "home-manager": "home-manager",
        "mnw": "mnw",
        "nixpkgs": "nixpkgs",
        "please-fix-swift-nixpkgs": "please-fix-swift-nixpkgs",
        "spicetify-nix": "spicetify-nix",
        "wezterm-oxocarbon": "wezterm-oxocarbon"
      }
    },
    "spicetify-nix": {
      "inputs": {
        "flake-compat": "flake-compat",
        "nixpkgs": [
          "nixpkgs"
        ]
      },
      "locked": {
        "lastModified": 1724991403,
        "narHash": "sha256-n0os3uymBUoGlikG87Yp7oisYGrkEwsm3nptS9FhdAk=",
        "owner": "gerg-l",
        "repo": "spicetify-nix",
        "rev": "0965e58aa38245b2105fec2949a9463fe34e3f05",
        "type": "github"
      },
      "original": {
        "owner": "gerg-l",
        "repo": "spicetify-nix",
        "type": "github"
      }
    },
    "wezterm-oxocarbon": {
      "flake": false,
      "locked": {
        "lastModified": 1677595481,
        "narHash": "sha256-KsAoWQVWBHbmimw3Z9kj9j1wnFdLquzi64WP5mEjRzo=",
        "owner": "nyoom-engineering",
        "repo": "oxocarbon-wezterm",
        "rev": "b435c308403816db6fec6b87370223e8e8fbb6f4",
        "type": "github"
      },
      "original": {
        "owner": "nyoom-engineering",
        "repo": "oxocarbon-wezterm",
        "type": "github"
      }
    }
  },
  "root": "root",
  "version": 7
}
