{
  "nodes": {
    "darwin": {
      "inputs": {
        "nixpkgs": [
          "nixpkgs"
        ]
      },
      "locked": {
        "lastModified": 1726188813,
        "narHash": "sha256-Vop/VRi6uCiScg/Ic+YlwsdIrLabWUJc57dNczp0eBc=",
        "owner": "lnl7",
        "repo": "nix-darwin",
        "rev": "21fe31f26473c180390cfa81e3ea81aca0204c80",
        "type": "github"
      },
      "original": {
        "owner": "lnl7",
        "repo": "nix-darwin",
        "type": "github"
      }
    },
    "flake-compat": {
      "flake": false,
      "locked": {
        "lastModified": 1696426674,
        "narHash": "sha256-kvjfFW7WAETZlt09AgDn1MrtKzP7t90Vf7vypd3OL1U=",
        "owner": "edolstra",
        "repo": "flake-compat",
        "rev": "0f9255e01c2351cc7d116c072cb317785dd33b33",
        "type": "github"
      },
      "original": {
        "owner": "edolstra",
        "repo": "flake-compat",
        "type": "github"
      }
    },
    "home-manager": {
      "inputs": {
        "nixpkgs": [
          "nixpkgs"
        ]
      },
      "locked": {
        "lastModified": 1726440980,
        "narHash": "sha256-ChhIrjtdu5d83W+YDRH+Ec5g1MmM0xk6hJnkz15Ot7M=",
        "owner": "nix-community",
        "repo": "home-manager",
        "rev": "a9c9cc6e50f7cbd2d58ccb1cd46a1e06e9e445ff",
        "type": "github"
      },
      "original": {
        "owner": "nix-community",
        "repo": "home-manager",
        "type": "github"
      }
    },
    "mnw": {
      "locked": {
        "lastModified": 1726188505,
        "narHash": "sha256-3dkxJo6y/aKfwkAg6YnpdiQAoZKgHhWHz7ilGJHCoVU=",
        "owner": "gerg-l",
        "repo": "mnw",
        "rev": "ea00b3d2162d85dd085a6ba6d49aa2a186e588e7",
        "type": "github"
      },
      "original": {
        "owner": "gerg-l",
        "repo": "mnw",
        "type": "github"
      }
    },
    "nixpkgs": {
      "locked": {
        "lastModified": 1726436956,
        "narHash": "sha256-a3rP7uafX/qBFX0y4CGS8vvTPvxsLl9eZQ85DkIn3DI=",
        "owner": "nixos",
        "repo": "nixpkgs",
        "rev": "039b72d0c738c934e2e36d7fc5520d1b425287a6",
        "type": "github"
      },
      "original": {
        "owner": "nixos",
        "ref": "nixpkgs-unstable",
        "repo": "nixpkgs",
        "type": "github"
      }
    },
    "root": {
      "inputs": {
        "darwin": "darwin",
        "home-manager": "home-manager",
        "mnw": "mnw",
        "nixpkgs": "nixpkgs",
        "spicetify-nix": "spicetify-nix",
        "wezterm-oxocarbon": "wezterm-oxocarbon"
      }
    },
    "spicetify-nix": {
      "inputs": {
        "flake-compat": "flake-compat",
        "nixpkgs": [
          "nixpkgs"
        ]
      },
      "locked": {
        "lastModified": 1726460241,
        "narHash": "sha256-wslbKgh6ZEqHzZJj1eHGRENZQ4r1C4LmAvaBKvbiGzg=",
        "owner": "gerg-l",
        "repo": "spicetify-nix",
        "rev": "fe1722602352cba0448f3961df90b5d1f55d5675",
        "type": "github"
      },
      "original": {
        "owner": "gerg-l",
        "repo": "spicetify-nix",
        "type": "github"
      }
    },
    "wezterm-oxocarbon": {
      "flake": false,
      "locked": {
        "lastModified": 1677595481,
        "narHash": "sha256-KsAoWQVWBHbmimw3Z9kj9j1wnFdLquzi64WP5mEjRzo=",
        "owner": "nyoom-engineering",
        "repo": "oxocarbon-wezterm",
        "rev": "b435c308403816db6fec6b87370223e8e8fbb6f4",
        "type": "github"
      },
      "original": {
        "owner": "nyoom-engineering",
        "repo": "oxocarbon-wezterm",
        "type": "github"
      }
    }
  },
  "root": "root",
  "version": 7
}
