{
  "nodes": {
    "darwin": {
      "inputs": {
        "nixpkgs": [
          "nixpkgs"
        ]
      },
      "locked": {
        "lastModified": 1726188813,
        "narHash": "sha256-Vop/VRi6uCiScg/Ic+YlwsdIrLabWUJc57dNczp0eBc=",
        "owner": "lnl7",
        "repo": "nix-darwin",
        "rev": "21fe31f26473c180390cfa81e3ea81aca0204c80",
        "type": "github"
      },
      "original": {
        "owner": "lnl7",
        "repo": "nix-darwin",
        "type": "github"
      }
    },
    "flake-compat": {
      "flake": false,
      "locked": {
        "lastModified": 1696426674,
        "narHash": "sha256-kvjfFW7WAETZlt09AgDn1MrtKzP7t90Vf7vypd3OL1U=",
        "owner": "edolstra",
        "repo": "flake-compat",
        "rev": "0f9255e01c2351cc7d116c072cb317785dd33b33",
        "type": "github"
      },
      "original": {
        "owner": "edolstra",
        "repo": "flake-compat",
        "type": "github"
      }
    },
    "home-manager": {
      "inputs": {
        "nixpkgs": [
          "nixpkgs"
        ]
      },
      "locked": {
        "lastModified": 1726357542,
        "narHash": "sha256-p4OrJL2weh0TRtaeu1fmNYP6+TOp/W2qdaIJxxQay4c=",
        "owner": "nix-community",
        "repo": "home-manager",
        "rev": "e524c57b1fa55d6ca9d8354c6ce1e538d2a1f47f",
        "type": "github"
      },
      "original": {
        "owner": "nix-community",
        "repo": "home-manager",
        "type": "github"
      }
    },
    "last-cached-swift-nixpkgs": {
      "locked": {
        "lastModified": 1719317636,
        "narHash": "sha256-bu0xbu2Z6DDzA9LGV81yJunIti6r7tjUImeR8orAL/I=",
        "owner": "nixos",
        "repo": "nixpkgs",
        "rev": "9c513fc6fb75142f6aec6b7545cb8af2236b80f5",
        "type": "github"
      },
      "original": {
        "owner": "nixos",
        "repo": "nixpkgs",
        "rev": "9c513fc6fb75142f6aec6b7545cb8af2236b80f5",
        "type": "github"
      }
    },
    "mnw": {
      "locked": {
        "lastModified": 1726188505,
        "narHash": "sha256-3dkxJo6y/aKfwkAg6YnpdiQAoZKgHhWHz7ilGJHCoVU=",
        "owner": "gerg-l",
        "repo": "mnw",
        "rev": "ea00b3d2162d85dd085a6ba6d49aa2a186e588e7",
        "type": "github"
      },
      "original": {
        "owner": "gerg-l",
        "repo": "mnw",
        "type": "github"
      }
    },
    "nixpkgs": {
      "locked": {
        "lastModified": 1726365531,
        "narHash": "sha256-luAKNxWZ+ZN0kaHchx1OdLQ71n81Y31ryNPWP1YRDZc=",
        "owner": "nixos",
        "repo": "nixpkgs",
        "rev": "9299cdf978e15f448cf82667b0ffdd480b44ee48",
        "type": "github"
      },
      "original": {
        "owner": "nixos",
        "ref": "nixpkgs-unstable",
        "repo": "nixpkgs",
        "type": "github"
      }
    },
    "root": {
      "inputs": {
        "darwin": "darwin",
        "home-manager": "home-manager",
        "last-cached-swift-nixpkgs": "last-cached-swift-nixpkgs",
        "mnw": "mnw",
        "nixpkgs": "nixpkgs",
        "spicetify-nix": "spicetify-nix",
        "wezterm-oxocarbon": "wezterm-oxocarbon"
      }
    },
    "spicetify-nix": {
      "inputs": {
        "flake-compat": "flake-compat",
        "nixpkgs": [
          "nixpkgs"
        ]
      },
      "locked": {
        "lastModified": 1726373769,
        "narHash": "sha256-CmOPn3mknUR6y6CpBopZT2Y4dz10BPw0Y7Gfgm4EerI=",
        "owner": "gerg-l",
        "repo": "spicetify-nix",
        "rev": "1c0fda45c222294971b5c3efdfa2aa29f0a7d2f6",
        "type": "github"
      },
      "original": {
        "owner": "gerg-l",
        "repo": "spicetify-nix",
        "type": "github"
      }
    },
    "wezterm-oxocarbon": {
      "flake": false,
      "locked": {
        "lastModified": 1677595481,
        "narHash": "sha256-KsAoWQVWBHbmimw3Z9kj9j1wnFdLquzi64WP5mEjRzo=",
        "owner": "nyoom-engineering",
        "repo": "oxocarbon-wezterm",
        "rev": "b435c308403816db6fec6b87370223e8e8fbb6f4",
        "type": "github"
      },
      "original": {
        "owner": "nyoom-engineering",
        "repo": "oxocarbon-wezterm",
        "type": "github"
      }
    }
  },
  "root": "root",
  "version": 7
}
